// !$*UTF8*$!
{
	archiveVersion = 1;
	classes = {
	};
	objectVersion = 56;
	objects = {

/* Begin PBXBuildFile section */
		E50912F32A73C9A500A07091 /* Chatty_Chat_AppApp.swift in Sources */ = {isa = PBXBuildFile; fileRef = E50912F22A73C9A500A07091 /* Chatty_Chat_AppApp.swift */; };
		E50912F52A73C9A500A07091 /* RootView.swift in Sources */ = {isa = PBXBuildFile; fileRef = E50912F42A73C9A500A07091 /* RootView.swift */; };
		E50912F72A73C9A600A07091 /* Assets.xcassets in Resources */ = {isa = PBXBuildFile; fileRef = E50912F62A73C9A600A07091 /* Assets.xcassets */; };
		E50912FA2A73C9A600A07091 /* Preview Assets.xcassets in Resources */ = {isa = PBXBuildFile; fileRef = E50912F92A73C9A600A07091 /* Preview Assets.xcassets */; };
		E51943942A76018700F5D8EC /* TabBarButton.swift in Sources */ = {isa = PBXBuildFile; fileRef = E51943932A76018700F5D8EC /* TabBarButton.swift */; };
		E51943972A77BDD500F5D8EC /* GoogleService-Info.plist in Resources */ = {isa = PBXBuildFile; fileRef = E51943962A77BDD500F5D8EC /* GoogleService-Info.plist */; };
		E519439A2A77BF0000F5D8EC /* FirebaseAuth in Frameworks */ = {isa = PBXBuildFile; productRef = E51943992A77BF0000F5D8EC /* FirebaseAuth */; };
		E519439C2A77BF0000F5D8EC /* FirebaseDatabase in Frameworks */ = {isa = PBXBuildFile; productRef = E519439B2A77BF0000F5D8EC /* FirebaseDatabase */; };
		E519439E2A77BF0000F5D8EC /* FirebaseDatabaseSwift in Frameworks */ = {isa = PBXBuildFile; productRef = E519439D2A77BF0000F5D8EC /* FirebaseDatabaseSwift */; };
		E51943A02A77BF0000F5D8EC /* FirebaseFirestore in Frameworks */ = {isa = PBXBuildFile; productRef = E519439F2A77BF0000F5D8EC /* FirebaseFirestore */; };
		E51943AC2A77BF1200F5D8EC /* AppDelegate.swift in Sources */ = {isa = PBXBuildFile; fileRef = E51943AB2A77BF1200F5D8EC /* AppDelegate.swift */; };
		E51943AF2A7880AD00F5D8EC /* AuthViewModel.swift in Sources */ = {isa = PBXBuildFile; fileRef = E51943AE2A7880AD00F5D8EC /* AuthViewModel.swift */; };
		E51943B42A78983900F5D8EC /* OnBoardingContainerView.swift in Sources */ = {isa = PBXBuildFile; fileRef = E51943B32A78983900F5D8EC /* OnBoardingContainerView.swift */; };
		E51943B62A78998100F5D8EC /* WelcomeView.swift in Sources */ = {isa = PBXBuildFile; fileRef = E51943B52A78998100F5D8EC /* WelcomeView.swift */; };
		E51943B82A78998D00F5D8EC /* PhoneNumberView.swift in Sources */ = {isa = PBXBuildFile; fileRef = E51943B72A78998D00F5D8EC /* PhoneNumberView.swift */; };
		E51943BA2A7899C400F5D8EC /* VerificationView.swift in Sources */ = {isa = PBXBuildFile; fileRef = E51943B92A7899C400F5D8EC /* VerificationView.swift */; };
		E51943BC2A7899D700F5D8EC /* CreateProfileView.swift in Sources */ = {isa = PBXBuildFile; fileRef = E51943BB2A7899D700F5D8EC /* CreateProfileView.swift */; };
		E51943BE2A7899E600F5D8EC /* SyncContactsView.swift in Sources */ = {isa = PBXBuildFile; fileRef = E51943BD2A7899E600F5D8EC /* SyncContactsView.swift */; };
		E534388E2A7F0A400088858A /* ImagePicker.swift in Sources */ = {isa = PBXBuildFile; fileRef = E534388D2A7F0A400088858A /* ImagePicker.swift */; };
		E53438902A8048340088858A /* FirebaseStorage in Frameworks */ = {isa = PBXBuildFile; productRef = E534388F2A8048340088858A /* FirebaseStorage */; };
		E58A4EA32A742DB40068F7A2 /* LexendDeca-Bold.ttf in Resources */ = {isa = PBXBuildFile; fileRef = E58A4EA02A742DB40068F7A2 /* LexendDeca-Bold.ttf */; };
		E58A4EA42A742DB40068F7A2 /* LexendDeca-SemiBold.ttf in Resources */ = {isa = PBXBuildFile; fileRef = E58A4EA12A742DB40068F7A2 /* LexendDeca-SemiBold.ttf */; };
		E58A4EA52A742DB40068F7A2 /* LexendDeca-Regular.ttf in Resources */ = {isa = PBXBuildFile; fileRef = E58A4EA22A742DB40068F7A2 /* LexendDeca-Regular.ttf */; };
		E58A4EA82A742F840068F7A2 /* Fonts.swift in Sources */ = {isa = PBXBuildFile; fileRef = E58A4EA72A742F840068F7A2 /* Fonts.swift */; };
		E58A4EAD2A753CB10068F7A2 /* TabBar.swift in Sources */ = {isa = PBXBuildFile; fileRef = E58A4EAC2A753CB10068F7A2 /* TabBar.swift */; };
		E58AA3F92A7D696900079437 /* FirebaseFirestoreSwift in Frameworks */ = {isa = PBXBuildFile; productRef = E58AA3F82A7D696900079437 /* FirebaseFirestoreSwift */; };
		E5BE30872A8311C400BA4AB2 /* DigitTextFieldStyle.swift in Sources */ = {isa = PBXBuildFile; fileRef = E5BE30862A8311C400BA4AB2 /* DigitTextFieldStyle.swift */; };
		E5D15EEA2A794AC70085D079 /* OnboardingButton.swift in Sources */ = {isa = PBXBuildFile; fileRef = E5D15EE92A794AC70085D079 /* OnboardingButton.swift */; };
		E5D15EEC2A79C4510085D079 /* ProfileTextFieldStyle.swift in Sources */ = {isa = PBXBuildFile; fileRef = E5D15EEB2A79C4510085D079 /* ProfileTextFieldStyle.swift */; };
		E5D15EEE2A79E3340085D079 /* ContactsViewModel.swift in Sources */ = {isa = PBXBuildFile; fileRef = E5D15EED2A79E3340085D079 /* ContactsViewModel.swift */; };
		E5D15EF02A7C173B0085D079 /* UserInfo.swift in Sources */ = {isa = PBXBuildFile; fileRef = E5D15EEF2A7C173B0085D079 /* UserInfo.swift */; };
		E5D15EF22A7C18960085D079 /* DatabaseService.swift in Sources */ = {isa = PBXBuildFile; fileRef = E5D15EF12A7C18960085D079 /* DatabaseService.swift */; };
		E5D15EF42A7C654B0085D079 /* TextHelper.swift in Sources */ = {isa = PBXBuildFile; fileRef = E5D15EF32A7C654B0085D079 /* TextHelper.swift */; };
		E5FBFDEF2A865BD60070003E /* ContactsListView.swift in Sources */ = {isa = PBXBuildFile; fileRef = E5FBFDEE2A865BD60070003E /* ContactsListView.swift */; };
		E5FBFDF12A865BF60070003E /* ChatsListView.swift in Sources */ = {isa = PBXBuildFile; fileRef = E5FBFDF02A865BF60070003E /* ChatsListView.swift */; };
/* End PBXBuildFile section */

/* Begin PBXFileReference section */
		E50912EF2A73C9A500A07091 /* Chatty_Chat_App.app */ = {isa = PBXFileReference; explicitFileType = wrapper.application; includeInIndex = 0; path = Chatty_Chat_App.app; sourceTree = BUILT_PRODUCTS_DIR; };
		E50912F22A73C9A500A07091 /* Chatty_Chat_AppApp.swift */ = {isa = PBXFileReference; lastKnownFileType = sourcecode.swift; path = Chatty_Chat_AppApp.swift; sourceTree = "<group>"; };
		E50912F42A73C9A500A07091 /* RootView.swift */ = {isa = PBXFileReference; lastKnownFileType = sourcecode.swift; path = RootView.swift; sourceTree = "<group>"; };
		E50912F62A73C9A600A07091 /* Assets.xcassets */ = {isa = PBXFileReference; lastKnownFileType = folder.assetcatalog; path = Assets.xcassets; sourceTree = "<group>"; };
		E50912F92A73C9A600A07091 /* Preview Assets.xcassets */ = {isa = PBXFileReference; lastKnownFileType = folder.assetcatalog; path = "Preview Assets.xcassets"; sourceTree = "<group>"; };
		E51943932A76018700F5D8EC /* TabBarButton.swift */ = {isa = PBXFileReference; lastKnownFileType = sourcecode.swift; path = TabBarButton.swift; sourceTree = "<group>"; };
		E51943952A76962300F5D8EC /* Chatty-Chat-App-Info.plist */ = {isa = PBXFileReference; lastKnownFileType = text.plist; path = "Chatty-Chat-App-Info.plist"; sourceTree = SOURCE_ROOT; };
		E51943962A77BDD500F5D8EC /* GoogleService-Info.plist */ = {isa = PBXFileReference; lastKnownFileType = text.plist; path = "GoogleService-Info.plist"; sourceTree = SOURCE_ROOT; };
		E51943AB2A77BF1200F5D8EC /* AppDelegate.swift */ = {isa = PBXFileReference; lastKnownFileType = sourcecode.swift; path = AppDelegate.swift; sourceTree = "<group>"; };
		E51943AD2A78235600F5D8EC /* Chatty_Chat_App.entitlements */ = {isa = PBXFileReference; lastKnownFileType = text.plist.entitlements; path = Chatty_Chat_App.entitlements; sourceTree = "<group>"; };
		E51943AE2A7880AD00F5D8EC /* AuthViewModel.swift */ = {isa = PBXFileReference; lastKnownFileType = sourcecode.swift; path = AuthViewModel.swift; sourceTree = "<group>"; };
		E51943B32A78983900F5D8EC /* OnBoardingContainerView.swift */ = {isa = PBXFileReference; lastKnownFileType = sourcecode.swift; path = OnBoardingContainerView.swift; sourceTree = "<group>"; };
		E51943B52A78998100F5D8EC /* WelcomeView.swift */ = {isa = PBXFileReference; lastKnownFileType = sourcecode.swift; path = WelcomeView.swift; sourceTree = "<group>"; };
		E51943B72A78998D00F5D8EC /* PhoneNumberView.swift */ = {isa = PBXFileReference; lastKnownFileType = sourcecode.swift; path = PhoneNumberView.swift; sourceTree = "<group>"; };
		E51943B92A7899C400F5D8EC /* VerificationView.swift */ = {isa = PBXFileReference; lastKnownFileType = sourcecode.swift; path = VerificationView.swift; sourceTree = "<group>"; };
		E51943BB2A7899D700F5D8EC /* CreateProfileView.swift */ = {isa = PBXFileReference; lastKnownFileType = sourcecode.swift; path = CreateProfileView.swift; sourceTree = "<group>"; };
		E51943BD2A7899E600F5D8EC /* SyncContactsView.swift */ = {isa = PBXFileReference; lastKnownFileType = sourcecode.swift; path = SyncContactsView.swift; sourceTree = "<group>"; };
		E534388D2A7F0A400088858A /* ImagePicker.swift */ = {isa = PBXFileReference; fileEncoding = 4; lastKnownFileType = sourcecode.swift; path = ImagePicker.swift; sourceTree = "<group>"; };
		E58A4EA02A742DB40068F7A2 /* LexendDeca-Bold.ttf */ = {isa = PBXFileReference; lastKnownFileType = file; path = "LexendDeca-Bold.ttf"; sourceTree = "<group>"; };
		E58A4EA12A742DB40068F7A2 /* LexendDeca-SemiBold.ttf */ = {isa = PBXFileReference; lastKnownFileType = file; path = "LexendDeca-SemiBold.ttf"; sourceTree = "<group>"; };
		E58A4EA22A742DB40068F7A2 /* LexendDeca-Regular.ttf */ = {isa = PBXFileReference; lastKnownFileType = file; path = "LexendDeca-Regular.ttf"; sourceTree = "<group>"; };
		E58A4EA72A742F840068F7A2 /* Fonts.swift */ = {isa = PBXFileReference; lastKnownFileType = sourcecode.swift; path = Fonts.swift; sourceTree = "<group>"; };
		E58A4EAC2A753CB10068F7A2 /* TabBar.swift */ = {isa = PBXFileReference; lastKnownFileType = sourcecode.swift; path = TabBar.swift; sourceTree = "<group>"; };
		E5BE30862A8311C400BA4AB2 /* DigitTextFieldStyle.swift */ = {isa = PBXFileReference; fileEncoding = 4; lastKnownFileType = sourcecode.swift; path = DigitTextFieldStyle.swift; sourceTree = "<group>"; };
		E5D15EE92A794AC70085D079 /* OnboardingButton.swift */ = {isa = PBXFileReference; lastKnownFileType = sourcecode.swift; path = OnboardingButton.swift; sourceTree = "<group>"; };
		E5D15EEB2A79C4510085D079 /* ProfileTextFieldStyle.swift */ = {isa = PBXFileReference; lastKnownFileType = sourcecode.swift; path = ProfileTextFieldStyle.swift; sourceTree = "<group>"; };
		E5D15EED2A79E3340085D079 /* ContactsViewModel.swift */ = {isa = PBXFileReference; lastKnownFileType = sourcecode.swift; path = ContactsViewModel.swift; sourceTree = "<group>"; };
		E5D15EEF2A7C173B0085D079 /* UserInfo.swift */ = {isa = PBXFileReference; lastKnownFileType = sourcecode.swift; path = UserInfo.swift; sourceTree = "<group>"; };
		E5D15EF12A7C18960085D079 /* DatabaseService.swift */ = {isa = PBXFileReference; lastKnownFileType = sourcecode.swift; path = DatabaseService.swift; sourceTree = "<group>"; };
		E5D15EF32A7C654B0085D079 /* TextHelper.swift */ = {isa = PBXFileReference; lastKnownFileType = sourcecode.swift; path = TextHelper.swift; sourceTree = "<group>"; };
		E5FBFDEE2A865BD60070003E /* ContactsListView.swift */ = {isa = PBXFileReference; lastKnownFileType = sourcecode.swift; path = ContactsListView.swift; sourceTree = "<group>"; };
		E5FBFDF02A865BF60070003E /* ChatsListView.swift */ = {isa = PBXFileReference; lastKnownFileType = sourcecode.swift; path = ChatsListView.swift; sourceTree = "<group>"; };
/* End PBXFileReference section */

/* Begin PBXFrameworksBuildPhase section */
		E50912EC2A73C9A500A07091 /* Frameworks */ = {
			isa = PBXFrameworksBuildPhase;
			buildActionMask = 2147483647;
			files = (
				E58AA3F92A7D696900079437 /* FirebaseFirestoreSwift in Frameworks */,
				E519439E2A77BF0000F5D8EC /* FirebaseDatabaseSwift in Frameworks */,
				E51943A02A77BF0000F5D8EC /* FirebaseFirestore in Frameworks */,
				E519439C2A77BF0000F5D8EC /* FirebaseDatabase in Frameworks */,
				E519439A2A77BF0000F5D8EC /* FirebaseAuth in Frameworks */,
				E53438902A8048340088858A /* FirebaseStorage in Frameworks */,
			);
			runOnlyForDeploymentPostprocessing = 0;
		};
/* End PBXFrameworksBuildPhase section */

/* Begin PBXGroup section */
		E50912E62A73C9A500A07091 = {
			isa = PBXGroup;
			children = (
				E50912F12A73C9A500A07091 /* Chatty_Chat_App */,
				E50912F02A73C9A500A07091 /* Products */,
				E58AA3F72A7D696900079437 /* Frameworks */,
			);
			sourceTree = "<group>";
		};
		E50912F02A73C9A500A07091 /* Products */ = {
			isa = PBXGroup;
			children = (
				E50912EF2A73C9A500A07091 /* Chatty_Chat_App.app */,
			);
			name = Products;
			sourceTree = "<group>";
		};
		E50912F12A73C9A500A07091 /* Chatty_Chat_App */ = {
			isa = PBXGroup;
			children = (
				E51943AD2A78235600F5D8EC /* Chatty_Chat_App.entitlements */,
				E51943952A76962300F5D8EC /* Chatty-Chat-App-Info.plist */,
				E51943962A77BDD500F5D8EC /* GoogleService-Info.plist */,
				E50912F22A73C9A500A07091 /* Chatty_Chat_AppApp.swift */,
				E51943AB2A77BF1200F5D8EC /* AppDelegate.swift */,
				E58A4E9A2A73D1AF0068F7A2 /* Views */,
				E58A4E9B2A73D1B80068F7A2 /* View Models */,
				E58A4E9C2A73D1C20068F7A2 /* Models */,
				E58A4E9D2A73D1CA0068F7A2 /* Services */,
				E58A4EA62A742F560068F7A2 /* Constants */,
				E58A4E9F2A73D1E30068F7A2 /* Fonts */,
				E50912F62A73C9A600A07091 /* Assets.xcassets */,
				E50912F82A73C9A600A07091 /* Preview Content */,
			);
			path = Chatty_Chat_App;
			sourceTree = "<group>";
		};
		E50912F82A73C9A600A07091 /* Preview Content */ = {
			isa = PBXGroup;
			children = (
				E50912F92A73C9A600A07091 /* Preview Assets.xcassets */,
			);
			path = "Preview Content";
			sourceTree = "<group>";
		};
		E51943B02A7897D400F5D8EC /* OnBoarding */ = {
			isa = PBXGroup;
			children = (
				E51943B32A78983900F5D8EC /* OnBoardingContainerView.swift */,
				E51943B52A78998100F5D8EC /* WelcomeView.swift */,
				E51943B72A78998D00F5D8EC /* PhoneNumberView.swift */,
				E51943B92A7899C400F5D8EC /* VerificationView.swift */,
				E51943BB2A7899D700F5D8EC /* CreateProfileView.swift */,
				E51943BD2A7899E600F5D8EC /* SyncContactsView.swift */,
				E534388D2A7F0A400088858A /* ImagePicker.swift */,
			);
			path = OnBoarding;
			sourceTree = "<group>";
		};
		E58A4E9A2A73D1AF0068F7A2 /* Views */ = {
			isa = PBXGroup;
			children = (
				E50912F42A73C9A500A07091 /* RootView.swift */,
				E51943B02A7897D400F5D8EC /* OnBoarding */,
				E5FBFDED2A865BBC0070003E /* Chat Views */,
				E5FBFDEC2A865BAB0070003E /* Contact Views */,
				E58A4EA92A753C5D0068F7A2 /* Tab Bar */,
			);
			path = Views;
			sourceTree = "<group>";
		};
		E58A4E9B2A73D1B80068F7A2 /* View Models */ = {
			isa = PBXGroup;
			children = (
				E51943AE2A7880AD00F5D8EC /* AuthViewModel.swift */,
				E5D15EED2A79E3340085D079 /* ContactsViewModel.swift */,
			);
			path = "View Models";
			sourceTree = "<group>";
		};
		E58A4E9C2A73D1C20068F7A2 /* Models */ = {
			isa = PBXGroup;
			children = (
				E5D15EEF2A7C173B0085D079 /* UserInfo.swift */,
			);
			path = Models;
			sourceTree = "<group>";
		};
		E58A4E9D2A73D1CA0068F7A2 /* Services */ = {
			isa = PBXGroup;
			children = (
				E5D15EF12A7C18960085D079 /* DatabaseService.swift */,
			);
			path = Services;
			sourceTree = "<group>";
		};
		E58A4E9F2A73D1E30068F7A2 /* Fonts */ = {
			isa = PBXGroup;
			children = (
				E58A4EA02A742DB40068F7A2 /* LexendDeca-Bold.ttf */,
				E58A4EA22A742DB40068F7A2 /* LexendDeca-Regular.ttf */,
				E58A4EA12A742DB40068F7A2 /* LexendDeca-SemiBold.ttf */,
			);
			path = Fonts;
			sourceTree = "<group>";
		};
		E58A4EA62A742F560068F7A2 /* Constants */ = {
			isa = PBXGroup;
			children = (
				E58A4EA72A742F840068F7A2 /* Fonts.swift */,
				E5D15EE92A794AC70085D079 /* OnboardingButton.swift */,
				E5D15EEB2A79C4510085D079 /* ProfileTextFieldStyle.swift */,
				E5D15EF32A7C654B0085D079 /* TextHelper.swift */,
				E5BE30862A8311C400BA4AB2 /* DigitTextFieldStyle.swift */,
			);
			path = Constants;
			sourceTree = "<group>";
		};
		E58A4EA92A753C5D0068F7A2 /* Tab Bar */ = {
			isa = PBXGroup;
			children = (
				E58A4EAC2A753CB10068F7A2 /* TabBar.swift */,
				E51943932A76018700F5D8EC /* TabBarButton.swift */,
			);
			path = "Tab Bar";
			sourceTree = "<group>";
		};
		E58AA3F72A7D696900079437 /* Frameworks */ = {
			isa = PBXGroup;
			children = (
			);
			name = Frameworks;
			sourceTree = "<group>";
		};
		E5FBFDEC2A865BAB0070003E /* Contact Views */ = {
			isa = PBXGroup;
			children = (
				E5FBFDEE2A865BD60070003E /* ContactsListView.swift */,
			);
			path = "Contact Views";
			sourceTree = "<group>";
		};
		E5FBFDED2A865BBC0070003E /* Chat Views */ = {
			isa = PBXGroup;
			children = (
				E5FBFDF02A865BF60070003E /* ChatsListView.swift */,
			);
			path = "Chat Views";
			sourceTree = "<group>";
		};
/* End PBXGroup section */

/* Begin PBXNativeTarget section */
		E50912EE2A73C9A500A07091 /* Chatty_Chat_App */ = {
			isa = PBXNativeTarget;
			buildConfigurationList = E50912FD2A73C9A600A07091 /* Build configuration list for PBXNativeTarget "Chatty_Chat_App" */;
			buildPhases = (
				E50912EB2A73C9A500A07091 /* Sources */,
				E50912EC2A73C9A500A07091 /* Frameworks */,
				E50912ED2A73C9A500A07091 /* Resources */,
			);
			buildRules = (
			);
			dependencies = (
			);
			name = Chatty_Chat_App;
			packageProductDependencies = (
				E51943992A77BF0000F5D8EC /* FirebaseAuth */,
				E519439B2A77BF0000F5D8EC /* FirebaseDatabase */,
				E519439D2A77BF0000F5D8EC /* FirebaseDatabaseSwift */,
				E519439F2A77BF0000F5D8EC /* FirebaseFirestore */,
				E58AA3F82A7D696900079437 /* FirebaseFirestoreSwift */,
				E534388F2A8048340088858A /* FirebaseStorage */,
			);
			productName = Chatty_Chat_App;
			productReference = E50912EF2A73C9A500A07091 /* Chatty_Chat_App.app */;
			productType = "com.apple.product-type.application";
		};
/* End PBXNativeTarget section */

/* Begin PBXProject section */
		E50912E72A73C9A500A07091 /* Project object */ = {
			isa = PBXProject;
			attributes = {
				BuildIndependentTargetsInParallel = 1;
				LastSwiftUpdateCheck = 1430;
				LastUpgradeCheck = 1430;
				TargetAttributes = {
					E50912EE2A73C9A500A07091 = {
						CreatedOnToolsVersion = 14.3.1;
					};
				};
			};
			buildConfigurationList = E50912EA2A73C9A500A07091 /* Build configuration list for PBXProject "Chatty_Chat_App" */;
			compatibilityVersion = "Xcode 14.0";
			developmentRegion = en;
			hasScannedForEncodings = 0;
			knownRegions = (
				en,
				Base,
			);
			mainGroup = E50912E62A73C9A500A07091;
			packageReferences = (
				E51943982A77BF0000F5D8EC /* XCRemoteSwiftPackageReference "firebase-ios-sdk" */,
			);
			productRefGroup = E50912F02A73C9A500A07091 /* Products */;
			projectDirPath = "";
			projectRoot = "";
			targets = (
				E50912EE2A73C9A500A07091 /* Chatty_Chat_App */,
			);
		};
/* End PBXProject section */

/* Begin PBXResourcesBuildPhase section */
		E50912ED2A73C9A500A07091 /* Resources */ = {
			isa = PBXResourcesBuildPhase;
			buildActionMask = 2147483647;
			files = (
				E58A4EA52A742DB40068F7A2 /* LexendDeca-Regular.ttf in Resources */,
				E58A4EA42A742DB40068F7A2 /* LexendDeca-SemiBold.ttf in Resources */,
				E50912FA2A73C9A600A07091 /* Preview Assets.xcassets in Resources */,
				E50912F72A73C9A600A07091 /* Assets.xcassets in Resources */,
				E58A4EA32A742DB40068F7A2 /* LexendDeca-Bold.ttf in Resources */,
				E51943972A77BDD500F5D8EC /* GoogleService-Info.plist in Resources */,
			);
			runOnlyForDeploymentPostprocessing = 0;
		};
/* End PBXResourcesBuildPhase section */

/* Begin PBXSourcesBuildPhase section */
		E50912EB2A73C9A500A07091 /* Sources */ = {
			isa = PBXSourcesBuildPhase;
			buildActionMask = 2147483647;
			files = (
				E5D15EF22A7C18960085D079 /* DatabaseService.swift in Sources */,
				E51943BE2A7899E600F5D8EC /* SyncContactsView.swift in Sources */,
				E51943AC2A77BF1200F5D8EC /* AppDelegate.swift in Sources */,
				E5D15EEA2A794AC70085D079 /* OnboardingButton.swift in Sources */,
				E5D15EF42A7C654B0085D079 /* TextHelper.swift in Sources */,
				E51943B42A78983900F5D8EC /* OnBoardingContainerView.swift in Sources */,
				E50912F52A73C9A500A07091 /* RootView.swift in Sources */,
				E5D15EF02A7C173B0085D079 /* UserInfo.swift in Sources */,
				E58A4EA82A742F840068F7A2 /* Fonts.swift in Sources */,
				E51943B62A78998100F5D8EC /* WelcomeView.swift in Sources */,
				E5FBFDF12A865BF60070003E /* ChatsListView.swift in Sources */,
				E51943AF2A7880AD00F5D8EC /* AuthViewModel.swift in Sources */,
				E51943BC2A7899D700F5D8EC /* CreateProfileView.swift in Sources */,
				E5D15EEC2A79C4510085D079 /* ProfileTextFieldStyle.swift in Sources */,
				E5BE30872A8311C400BA4AB2 /* DigitTextFieldStyle.swift in Sources */,
				E51943B82A78998D00F5D8EC /* PhoneNumberView.swift in Sources */,
				E50912F32A73C9A500A07091 /* Chatty_Chat_AppApp.swift in Sources */,
				E51943BA2A7899C400F5D8EC /* VerificationView.swift in Sources */,
				E5FBFDEF2A865BD60070003E /* ContactsListView.swift in Sources */,
				E5D15EEE2A79E3340085D079 /* ContactsViewModel.swift in Sources */,
				E534388E2A7F0A400088858A /* ImagePicker.swift in Sources */,
				E51943942A76018700F5D8EC /* TabBarButton.swift in Sources */,
				E58A4EAD2A753CB10068F7A2 /* TabBar.swift in Sources */,
			);
			runOnlyForDeploymentPostprocessing = 0;
		};
/* End PBXSourcesBuildPhase section */

/* Begin XCBuildConfiguration section */
		E50912FB2A73C9A600A07091 /* Debug */ = {
			isa = XCBuildConfiguration;
			buildSettings = {
				ALWAYS_SEARCH_USER_PATHS = NO;
				CLANG_ANALYZER_NONNULL = YES;
				CLANG_ANALYZER_NUMBER_OBJECT_CONVERSION = YES_AGGRESSIVE;
				CLANG_CXX_LANGUAGE_STANDARD = "gnu++20";
				CLANG_ENABLE_MODULES = YES;
				CLANG_ENABLE_OBJC_ARC = YES;
				CLANG_ENABLE_OBJC_WEAK = YES;
				CLANG_WARN_BLOCK_CAPTURE_AUTORELEASING = YES;
				CLANG_WARN_BOOL_CONVERSION = YES;
				CLANG_WARN_COMMA = YES;
				CLANG_WARN_CONSTANT_CONVERSION = YES;
				CLANG_WARN_DEPRECATED_OBJC_IMPLEMENTATIONS = YES;
				CLANG_WARN_DIRECT_OBJC_ISA_USAGE = YES_ERROR;
				CLANG_WARN_DOCUMENTATION_COMMENTS = YES;
				CLANG_WARN_EMPTY_BODY = YES;
				CLANG_WARN_ENUM_CONVERSION = YES;
				CLANG_WARN_INFINITE_RECURSION = YES;
				CLANG_WARN_INT_CONVERSION = YES;
				CLANG_WARN_NON_LITERAL_NULL_CONVERSION = YES;
				CLANG_WARN_OBJC_IMPLICIT_RETAIN_SELF = YES;
				CLANG_WARN_OBJC_LITERAL_CONVERSION = YES;
				CLANG_WARN_OBJC_ROOT_CLASS = YES_ERROR;
				CLANG_WARN_QUOTED_INCLUDE_IN_FRAMEWORK_HEADER = YES;
				CLANG_WARN_RANGE_LOOP_ANALYSIS = YES;
				CLANG_WARN_STRICT_PROTOTYPES = YES;
				CLANG_WARN_SUSPICIOUS_MOVE = YES;
				CLANG_WARN_UNGUARDED_AVAILABILITY = YES_AGGRESSIVE;
				CLANG_WARN_UNREACHABLE_CODE = YES;
				CLANG_WARN__DUPLICATE_METHOD_MATCH = YES;
				COPY_PHASE_STRIP = NO;
				DEBUG_INFORMATION_FORMAT = dwarf;
				ENABLE_STRICT_OBJC_MSGSEND = YES;
				ENABLE_TESTABILITY = YES;
				GCC_C_LANGUAGE_STANDARD = gnu11;
				GCC_DYNAMIC_NO_PIC = NO;
				GCC_NO_COMMON_BLOCKS = YES;
				GCC_OPTIMIZATION_LEVEL = 0;
				GCC_PREPROCESSOR_DEFINITIONS = (
					"DEBUG=1",
					"$(inherited)",
				);
				GCC_WARN_64_TO_32_BIT_CONVERSION = YES;
				GCC_WARN_ABOUT_RETURN_TYPE = YES_ERROR;
				GCC_WARN_UNDECLARED_SELECTOR = YES;
				GCC_WARN_UNINITIALIZED_AUTOS = YES_AGGRESSIVE;
				GCC_WARN_UNUSED_FUNCTION = YES;
				GCC_WARN_UNUSED_VARIABLE = YES;
				IPHONEOS_DEPLOYMENT_TARGET = 16.4;
				MTL_ENABLE_DEBUG_INFO = INCLUDE_SOURCE;
				MTL_FAST_MATH = YES;
				ONLY_ACTIVE_ARCH = YES;
				SDKROOT = iphoneos;
				SWIFT_ACTIVE_COMPILATION_CONDITIONS = DEBUG;
				SWIFT_OPTIMIZATION_LEVEL = "-Onone";
			};
			name = Debug;
		};
		E50912FC2A73C9A600A07091 /* Release */ = {
			isa = XCBuildConfiguration;
			buildSettings = {
				ALWAYS_SEARCH_USER_PATHS = NO;
				CLANG_ANALYZER_NONNULL = YES;
				CLANG_ANALYZER_NUMBER_OBJECT_CONVERSION = YES_AGGRESSIVE;
				CLANG_CXX_LANGUAGE_STANDARD = "gnu++20";
				CLANG_ENABLE_MODULES = YES;
				CLANG_ENABLE_OBJC_ARC = YES;
				CLANG_ENABLE_OBJC_WEAK = YES;
				CLANG_WARN_BLOCK_CAPTURE_AUTORELEASING = YES;
				CLANG_WARN_BOOL_CONVERSION = YES;
				CLANG_WARN_COMMA = YES;
				CLANG_WARN_CONSTANT_CONVERSION = YES;
				CLANG_WARN_DEPRECATED_OBJC_IMPLEMENTATIONS = YES;
				CLANG_WARN_DIRECT_OBJC_ISA_USAGE = YES_ERROR;
				CLANG_WARN_DOCUMENTATION_COMMENTS = YES;
				CLANG_WARN_EMPTY_BODY = YES;
				CLANG_WARN_ENUM_CONVERSION = YES;
				CLANG_WARN_INFINITE_RECURSION = YES;
				CLANG_WARN_INT_CONVERSION = YES;
				CLANG_WARN_NON_LITERAL_NULL_CONVERSION = YES;
				CLANG_WARN_OBJC_IMPLICIT_RETAIN_SELF = YES;
				CLANG_WARN_OBJC_LITERAL_CONVERSION = YES;
				CLANG_WARN_OBJC_ROOT_CLASS = YES_ERROR;
				CLANG_WARN_QUOTED_INCLUDE_IN_FRAMEWORK_HEADER = YES;
				CLANG_WARN_RANGE_LOOP_ANALYSIS = YES;
				CLANG_WARN_STRICT_PROTOTYPES = YES;
				CLANG_WARN_SUSPICIOUS_MOVE = YES;
				CLANG_WARN_UNGUARDED_AVAILABILITY = YES_AGGRESSIVE;
				CLANG_WARN_UNREACHABLE_CODE = YES;
				CLANG_WARN__DUPLICATE_METHOD_MATCH = YES;
				COPY_PHASE_STRIP = NO;
				DEBUG_INFORMATION_FORMAT = "dwarf-with-dsym";
				ENABLE_NS_ASSERTIONS = NO;
				ENABLE_STRICT_OBJC_MSGSEND = YES;
				GCC_C_LANGUAGE_STANDARD = gnu11;
				GCC_NO_COMMON_BLOCKS = YES;
				GCC_WARN_64_TO_32_BIT_CONVERSION = YES;
				GCC_WARN_ABOUT_RETURN_TYPE = YES_ERROR;
				GCC_WARN_UNDECLARED_SELECTOR = YES;
				GCC_WARN_UNINITIALIZED_AUTOS = YES_AGGRESSIVE;
				GCC_WARN_UNUSED_FUNCTION = YES;
				GCC_WARN_UNUSED_VARIABLE = YES;
				IPHONEOS_DEPLOYMENT_TARGET = 16.4;
				MTL_ENABLE_DEBUG_INFO = NO;
				MTL_FAST_MATH = YES;
				SDKROOT = iphoneos;
				SWIFT_COMPILATION_MODE = wholemodule;
				SWIFT_OPTIMIZATION_LEVEL = "-O";
				VALIDATE_PRODUCT = YES;
			};
			name = Release;
		};
		E50912FE2A73C9A600A07091 /* Debug */ = {
			isa = XCBuildConfiguration;
			buildSettings = {
				ASSETCATALOG_COMPILER_APPICON_NAME = AppIcon;
				ASSETCATALOG_COMPILER_GLOBAL_ACCENT_COLOR_NAME = AccentColor;
				CODE_SIGN_ENTITLEMENTS = Chatty_Chat_App/Chatty_Chat_App.entitlements;
				CODE_SIGN_STYLE = Automatic;
				CURRENT_PROJECT_VERSION = 1;
				DEVELOPMENT_ASSET_PATHS = "\"Chatty_Chat_App/Preview Content\"";
				DEVELOPMENT_TEAM = 9A5RR2HZW6;
				ENABLE_PREVIEWS = YES;
				GENERATE_INFOPLIST_FILE = YES;
				INFOPLIST_FILE = "Chatty-Chat-App-Info.plist";
				INFOPLIST_KEY_NSContactsUsageDescription = "Sync your contacts to start chatting. ";
				INFOPLIST_KEY_UIApplicationSceneManifest_Generation = YES;
				INFOPLIST_KEY_UIApplicationSupportsIndirectInputEvents = YES;
				INFOPLIST_KEY_UILaunchScreen_Generation = YES;
				INFOPLIST_KEY_UIStatusBarStyle = "";
				INFOPLIST_KEY_UISupportedInterfaceOrientations_iPad = "UIInterfaceOrientationPortrait UIInterfaceOrientationPortraitUpsideDown UIInterfaceOrientationLandscapeLeft UIInterfaceOrientationLandscapeRight";
				INFOPLIST_KEY_UISupportedInterfaceOrientations_iPhone = "UIInterfaceOrientationPortrait UIInterfaceOrientationLandscapeLeft UIInterfaceOrientationLandscapeRight";
				LD_RUNPATH_SEARCH_PATHS = (
					"$(inherited)",
					"@executable_path/Frameworks",
				);
				MARKETING_VERSION = 1.0;
				PRODUCT_BUNDLE_IDENTIFIER = "com.gForceStudio.Chatty-Chat-App";
				PRODUCT_NAME = "$(TARGET_NAME)";
				SWIFT_EMIT_LOC_STRINGS = YES;
				SWIFT_VERSION = 5.0;
				TARGETED_DEVICE_FAMILY = "1,2";
			};
			name = Debug;
		};
		E50912FF2A73C9A600A07091 /* Release */ = {
			isa = XCBuildConfiguration;
			buildSettings = {
				ASSETCATALOG_COMPILER_APPICON_NAME = AppIcon;
				ASSETCATALOG_COMPILER_GLOBAL_ACCENT_COLOR_NAME = AccentColor;
				CODE_SIGN_ENTITLEMENTS = Chatty_Chat_App/Chatty_Chat_App.entitlements;
				CODE_SIGN_STYLE = Automatic;
				CURRENT_PROJECT_VERSION = 1;
				DEVELOPMENT_ASSET_PATHS = "\"Chatty_Chat_App/Preview Content\"";
				DEVELOPMENT_TEAM = 9A5RR2HZW6;
				ENABLE_PREVIEWS = YES;
				GENERATE_INFOPLIST_FILE = YES;
				INFOPLIST_FILE = "Chatty-Chat-App-Info.plist";
				INFOPLIST_KEY_NSContactsUsageDescription = "Sync your contacts to start chatting. ";
				INFOPLIST_KEY_UIApplicationSceneManifest_Generation = YES;
				INFOPLIST_KEY_UIApplicationSupportsIndirectInputEvents = YES;
				INFOPLIST_KEY_UILaunchScreen_Generation = YES;
				INFOPLIST_KEY_UIStatusBarStyle = "";
				INFOPLIST_KEY_UISupportedInterfaceOrientations_iPad = "UIInterfaceOrientationPortrait UIInterfaceOrientationPortraitUpsideDown UIInterfaceOrientationLandscapeLeft UIInterfaceOrientationLandscapeRight";
				INFOPLIST_KEY_UISupportedInterfaceOrientations_iPhone = "UIInterfaceOrientationPortrait UIInterfaceOrientationLandscapeLeft UIInterfaceOrientationLandscapeRight";
				LD_RUNPATH_SEARCH_PATHS = (
					"$(inherited)",
					"@executable_path/Frameworks",
				);
				MARKETING_VERSION = 1.0;
				PRODUCT_BUNDLE_IDENTIFIER = "com.gForceStudio.Chatty-Chat-App";
				PRODUCT_NAME = "$(TARGET_NAME)";
				SWIFT_EMIT_LOC_STRINGS = YES;
				SWIFT_VERSION = 5.0;
				TARGETED_DEVICE_FAMILY = "1,2";
			};
			name = Release;
		};
/* End XCBuildConfiguration section */

/* Begin XCConfigurationList section */
		E50912EA2A73C9A500A07091 /* Build configuration list for PBXProject "Chatty_Chat_App" */ = {
			isa = XCConfigurationList;
			buildConfigurations = (
				E50912FB2A73C9A600A07091 /* Debug */,
				E50912FC2A73C9A600A07091 /* Release */,
			);
			defaultConfigurationIsVisible = 0;
			defaultConfigurationName = Release;
		};
		E50912FD2A73C9A600A07091 /* Build configuration list for PBXNativeTarget "Chatty_Chat_App" */ = {
			isa = XCConfigurationList;
			buildConfigurations = (
				E50912FE2A73C9A600A07091 /* Debug */,
				E50912FF2A73C9A600A07091 /* Release */,
			);
			defaultConfigurationIsVisible = 0;
			defaultConfigurationName = Release;
		};
/* End XCConfigurationList section */

/* Begin XCRemoteSwiftPackageReference section */
		E51943982A77BF0000F5D8EC /* XCRemoteSwiftPackageReference "firebase-ios-sdk" */ = {
			isa = XCRemoteSwiftPackageReference;
			repositoryURL = "https://github.com/firebase/firebase-ios-sdk";
			requirement = {
				kind = upToNextMajorVersion;
				minimumVersion = 10.0.0;
			};
		};
/* End XCRemoteSwiftPackageReference section */

/* Begin XCSwiftPackageProductDependency section */
		E51943992A77BF0000F5D8EC /* FirebaseAuth */ = {
			isa = XCSwiftPackageProductDependency;
			package = E51943982A77BF0000F5D8EC /* XCRemoteSwiftPackageReference "firebase-ios-sdk" */;
			productName = FirebaseAuth;
		};
		E519439B2A77BF0000F5D8EC /* FirebaseDatabase */ = {
			isa = XCSwiftPackageProductDependency;
			package = E51943982A77BF0000F5D8EC /* XCRemoteSwiftPackageReference "firebase-ios-sdk" */;
			productName = FirebaseDatabase;
		};
		E519439D2A77BF0000F5D8EC /* FirebaseDatabaseSwift */ = {
			isa = XCSwiftPackageProductDependency;
			package = E51943982A77BF0000F5D8EC /* XCRemoteSwiftPackageReference "firebase-ios-sdk" */;
			productName = FirebaseDatabaseSwift;
		};
		E519439F2A77BF0000F5D8EC /* FirebaseFirestore */ = {
			isa = XCSwiftPackageProductDependency;
			package = E51943982A77BF0000F5D8EC /* XCRemoteSwiftPackageReference "firebase-ios-sdk" */;
			productName = FirebaseFirestore;
		};
		E534388F2A8048340088858A /* FirebaseStorage */ = {
			isa = XCSwiftPackageProductDependency;
			package = E51943982A77BF0000F5D8EC /* XCRemoteSwiftPackageReference "firebase-ios-sdk" */;
			productName = FirebaseStorage;
		};
		E58AA3F82A7D696900079437 /* FirebaseFirestoreSwift */ = {
			isa = XCSwiftPackageProductDependency;
			package = E51943982A77BF0000F5D8EC /* XCRemoteSwiftPackageReference "firebase-ios-sdk" */;
			productName = FirebaseFirestoreSwift;
		};
/* End XCSwiftPackageProductDependency section */
	};
	rootObject = E50912E72A73C9A500A07091 /* Project object */;
}
